
Microsoft Visual Studio Solution File, Format Version 12.00
# Visual Studio Version 17
VisualStudioVersion = 17.6.33829.357
MinimumVisualStudioVersion = 10.0.40219.1
Project("{FAE04EC0-301F-11D3-BF4B-00C04F79EFBC}") = "AssignmentTest", "AssignmentTest\AssignmentTest.csproj", "{EE78EF5A-0170-41AB-9B1C-BB78C5E37804}"
EndProject
Global
	GlobalSection(SolutionConfigurationPlatforms) = preSolution
		Debug|Any CPU = Debug|Any CPU
		Release|Any CPU = Release|Any CPU
	EndGlobalSection
	GlobalSection(ProjectConfigurationPlatforms) = postSolution
		{EE78EF5A-0170-41AB-9B1C-BB78C5E37804}.Debug|Any CPU.ActiveCfg = Debug|Any CPU
		{EE78EF5A-0170-41AB-9B1C-BB78C5E37804}.Debug|Any CPU.Build.0 = Debug|Any CPU
		{EE78EF5A-0170-41AB-9B1C-BB78C5E37804}.Release|Any CPU.ActiveCfg = Release|Any CPU
		{EE78EF5A-0170-41AB-9B1C-BB78C5E37804}.Release|Any CPU.Build.0 = Release|Any CPU
	EndGlobalSection
	GlobalSection(SolutionProperties) = preSolution
		HideSolutionNode = FALSE
	EndGlobalSection
	GlobalSection(ExtensibilityGlobals) = postSolution
		SolutionGuid = {E477955A-3F4E-443C-B8AA-68C8D069C258}
	EndGlobalSection
EndGlobal
